// !$*UTF8*$!
{
	archiveVersion = 1;
	classes = {
	};
	objectVersion = 56;
	objects = {

/* Begin PBXBuildFile section */
		7C8B31F62BF258D50061AB97 /* Action.swift in Sources */ = {isa = PBXBuildFile; fileRef = 7C8B31F52BF258D50061AB97 /* Action.swift */; };
		7C8C15942BE6820F009C82FE /* Mesh.metal in Sources */ = {isa = PBXBuildFile; fileRef = 7C8C15932BE6820F009C82FE /* Mesh.metal */; };
		7C91B0EC2BE28EA700493738 /* MandelbrotApp.swift in Sources */ = {isa = PBXBuildFile; fileRef = 7C91B0EB2BE28EA700493738 /* MandelbrotApp.swift */; };
		7C91B0F02BE28EAA00493738 /* Assets.xcassets in Resources */ = {isa = PBXBuildFile; fileRef = 7C91B0EF2BE28EAA00493738 /* Assets.xcassets */; };
		7C91B0F42BE28EAA00493738 /* Preview Assets.xcassets in Resources */ = {isa = PBXBuildFile; fileRef = 7C91B0F32BE28EAA00493738 /* Preview Assets.xcassets */; };
		7C91B0FE2BE28EAA00493738 /* MandelbrotTests.swift in Sources */ = {isa = PBXBuildFile; fileRef = 7C91B0FD2BE28EAA00493738 /* MandelbrotTests.swift */; };
		7C91B1082BE28EAA00493738 /* MandelbrotUITests.swift in Sources */ = {isa = PBXBuildFile; fileRef = 7C91B1072BE28EAA00493738 /* MandelbrotUITests.swift */; };
		7C91B10A2BE28EAA00493738 /* MandelbrotUITestsLaunchTests.swift in Sources */ = {isa = PBXBuildFile; fileRef = 7C91B1092BE28EAA00493738 /* MandelbrotUITestsLaunchTests.swift */; };
		7C91B1352BE28F1900493738 /* Mesh.swift in Sources */ = {isa = PBXBuildFile; fileRef = 7C91B12D2BE28F1800493738 /* Mesh.swift */; };
		7C91B1362BE28F1900493738 /* Shaders.metal in Sources */ = {isa = PBXBuildFile; fileRef = 7C91B12E2BE28F1800493738 /* Shaders.metal */; };
		7C91B1372BE28F1900493738 /* GPU.swift in Sources */ = {isa = PBXBuildFile; fileRef = 7C91B12F2BE28F1800493738 /* GPU.swift */; };
		7C91B1382BE28F1900493738 /* Renderer.swift in Sources */ = {isa = PBXBuildFile; fileRef = 7C91B1302BE28F1900493738 /* Renderer.swift */; };
		7C91B1392BE28F1900493738 /* MetalView.swift in Sources */ = {isa = PBXBuildFile; fileRef = 7C91B1312BE28F1900493738 /* MetalView.swift */; };
		7C91B13A2BE28F1900493738 /* Window.swift in Sources */ = {isa = PBXBuildFile; fileRef = 7C91B1322BE28F1900493738 /* Window.swift */; };
		7C91B13B2BE28F1900493738 /* VertexDescriptor.swift in Sources */ = {isa = PBXBuildFile; fileRef = 7C91B1332BE28F1900493738 /* VertexDescriptor.swift */; };
		7C91B13C2BE28F1900493738 /* ContentView.swift in Sources */ = {isa = PBXBuildFile; fileRef = 7C91B1342BE28F1900493738 /* ContentView.swift */; };
		7C9B64602BE2A91E00588AFF /* Mandelbrot.metal in Sources */ = {isa = PBXBuildFile; fileRef = 7C9B645F2BE2A91E00588AFF /* Mandelbrot.metal */; };
/* End PBXBuildFile section */

/* Begin PBXContainerItemProxy section */
		7C91B0FA2BE28EAA00493738 /* PBXContainerItemProxy */ = {
			isa = PBXContainerItemProxy;
			containerPortal = 7C91B0E02BE28EA700493738 /* Project object */;
			proxyType = 1;
			remoteGlobalIDString = 7C91B0E72BE28EA700493738;
			remoteInfo = Mandelbrot;
		};
		7C91B1042BE28EAA00493738 /* PBXContainerItemProxy */ = {
			isa = PBXContainerItemProxy;
			containerPortal = 7C91B0E02BE28EA700493738 /* Project object */;
			proxyType = 1;
			remoteGlobalIDString = 7C91B0E72BE28EA700493738;
			remoteInfo = Mandelbrot;
		};
/* End PBXContainerItemProxy section */

/* Begin PBXFileReference section */
		7C8B31F52BF258D50061AB97 /* Action.swift */ = {isa = PBXFileReference; lastKnownFileType = sourcecode.swift; path = Action.swift; sourceTree = "<group>"; };
		7C8C15932BE6820F009C82FE /* Mesh.metal */ = {isa = PBXFileReference; lastKnownFileType = sourcecode.metal; path = Mesh.metal; sourceTree = "<group>"; };
		7C8C15CC2BE8F480009C82FE /* Cream_color.h */ = {isa = PBXFileReference; lastKnownFileType = sourcecode.c.h; path = Cream_color.h; sourceTree = "<group>"; };
		7C91B0E82BE28EA700493738 /* The Mandelbrot set.app */ = {isa = PBXFileReference; explicitFileType = wrapper.application; includeInIndex = 0; path = "The Mandelbrot set.app"; sourceTree = BUILT_PRODUCTS_DIR; };
		7C91B0EB2BE28EA700493738 /* MandelbrotApp.swift */ = {isa = PBXFileReference; lastKnownFileType = sourcecode.swift; path = MandelbrotApp.swift; sourceTree = "<group>"; };
		7C91B0EF2BE28EAA00493738 /* Assets.xcassets */ = {isa = PBXFileReference; lastKnownFileType = folder.assetcatalog; path = Assets.xcassets; sourceTree = "<group>"; };
		7C91B0F12BE28EAA00493738 /* Mandelbrot.entitlements */ = {isa = PBXFileReference; lastKnownFileType = text.plist.entitlements; path = Mandelbrot.entitlements; sourceTree = "<group>"; };
		7C91B0F32BE28EAA00493738 /* Preview Assets.xcassets */ = {isa = PBXFileReference; lastKnownFileType = folder.assetcatalog; path = "Preview Assets.xcassets"; sourceTree = "<group>"; };
		7C91B0F92BE28EAA00493738 /* The Mandelbrot setTests.xctest */ = {isa = PBXFileReference; explicitFileType = wrapper.cfbundle; includeInIndex = 0; path = "The Mandelbrot setTests.xctest"; sourceTree = BUILT_PRODUCTS_DIR; };
		7C91B0FD2BE28EAA00493738 /* MandelbrotTests.swift */ = {isa = PBXFileReference; lastKnownFileType = sourcecode.swift; path = MandelbrotTests.swift; sourceTree = "<group>"; };
		7C91B1032BE28EAA00493738 /* The Mandelbrot setUITests.xctest */ = {isa = PBXFileReference; explicitFileType = wrapper.cfbundle; includeInIndex = 0; path = "The Mandelbrot setUITests.xctest"; sourceTree = BUILT_PRODUCTS_DIR; };
		7C91B1072BE28EAA00493738 /* MandelbrotUITests.swift */ = {isa = PBXFileReference; lastKnownFileType = sourcecode.swift; path = MandelbrotUITests.swift; sourceTree = "<group>"; };
		7C91B1092BE28EAA00493738 /* MandelbrotUITestsLaunchTests.swift */ = {isa = PBXFileReference; lastKnownFileType = sourcecode.swift; path = MandelbrotUITestsLaunchTests.swift; sourceTree = "<group>"; };
		7C91B12D2BE28F1800493738 /* Mesh.swift */ = {isa = PBXFileReference; fileEncoding = 4; lastKnownFileType = sourcecode.swift; path = Mesh.swift; sourceTree = "<group>"; };
		7C91B12E2BE28F1800493738 /* Shaders.metal */ = {isa = PBXFileReference; fileEncoding = 4; lastKnownFileType = sourcecode.metal; path = Shaders.metal; sourceTree = "<group>"; };
		7C91B12F2BE28F1800493738 /* GPU.swift */ = {isa = PBXFileReference; fileEncoding = 4; lastKnownFileType = sourcecode.swift; path = GPU.swift; sourceTree = "<group>"; };
		7C91B1302BE28F1900493738 /* Renderer.swift */ = {isa = PBXFileReference; fileEncoding = 4; lastKnownFileType = sourcecode.swift; path = Renderer.swift; sourceTree = "<group>"; };
		7C91B1312BE28F1900493738 /* MetalView.swift */ = {isa = PBXFileReference; fileEncoding = 4; lastKnownFileType = sourcecode.swift; path = MetalView.swift; sourceTree = "<group>"; };
		7C91B1322BE28F1900493738 /* Window.swift */ = {isa = PBXFileReference; fileEncoding = 4; lastKnownFileType = sourcecode.swift; path = Window.swift; sourceTree = "<group>"; };
		7C91B1332BE28F1900493738 /* VertexDescriptor.swift */ = {isa = PBXFileReference; fileEncoding = 4; lastKnownFileType = sourcecode.swift; path = VertexDescriptor.swift; sourceTree = "<group>"; };
		7C91B1342BE28F1900493738 /* ContentView.swift */ = {isa = PBXFileReference; fileEncoding = 4; lastKnownFileType = sourcecode.swift; path = ContentView.swift; sourceTree = "<group>"; };
		7C9B645F2BE2A91E00588AFF /* Mandelbrot.metal */ = {isa = PBXFileReference; lastKnownFileType = sourcecode.metal; path = Mandelbrot.metal; sourceTree = "<group>"; };
/* End PBXFileReference section */

/* Begin PBXFrameworksBuildPhase section */
		7C91B0E52BE28EA700493738 /* Frameworks */ = {
			isa = PBXFrameworksBuildPhase;
			buildActionMask = 2147483647;
			files = (
			);
			runOnlyForDeploymentPostprocessing = 0;
		};
		7C91B0F62BE28EAA00493738 /* Frameworks */ = {
			isa = PBXFrameworksBuildPhase;
			buildActionMask = 2147483647;
			files = (
			);
			runOnlyForDeploymentPostprocessing = 0;
		};
		7C91B1002BE28EAA00493738 /* Frameworks */ = {
			isa = PBXFrameworksBuildPhase;
			buildActionMask = 2147483647;
			files = (
			);
			runOnlyForDeploymentPostprocessing = 0;
		};
/* End PBXFrameworksBuildPhase section */

/* Begin PBXGroup section */
		7C91B0DF2BE28EA700493738 = {
			isa = PBXGroup;
			children = (
				7C91B0EA2BE28EA700493738 /* Mandelbrot */,
				7C91B0FC2BE28EAA00493738 /* MandelbrotTests */,
				7C91B1062BE28EAA00493738 /* MandelbrotUITests */,
				7C91B0E92BE28EA700493738 /* Products */,
			);
			sourceTree = "<group>";
		};
		7C91B0E92BE28EA700493738 /* Products */ = {
			isa = PBXGroup;
			children = (
				7C91B0E82BE28EA700493738 /* The Mandelbrot set.app */,
				7C91B0F92BE28EAA00493738 /* The Mandelbrot setTests.xctest */,
				7C91B1032BE28EAA00493738 /* The Mandelbrot setUITests.xctest */,
			);
			name = Products;
			sourceTree = "<group>";
		};
		7C91B0EA2BE28EA700493738 /* Mandelbrot */ = {
			isa = PBXGroup;
			children = (
				7C91B0F12BE28EAA00493738 /* Mandelbrot.entitlements */,
				7C8C15CC2BE8F480009C82FE /* Cream_color.h */,
				7C9B645F2BE2A91E00588AFF /* Mandelbrot.metal */,
				7C8C15932BE6820F009C82FE /* Mesh.metal */,
				7C91B12E2BE28F1800493738 /* Shaders.metal */,
				7C91B1342BE28F1900493738 /* ContentView.swift */,
				7C91B12F2BE28F1800493738 /* GPU.swift */,
				7C91B0EB2BE28EA700493738 /* MandelbrotApp.swift */,
				7C91B12D2BE28F1800493738 /* Mesh.swift */,
				7C91B1312BE28F1900493738 /* MetalView.swift */,
				7C91B1302BE28F1900493738 /* Renderer.swift */,
				7C8B31F52BF258D50061AB97 /* Action.swift */,
				7C91B1332BE28F1900493738 /* VertexDescriptor.swift */,
				7C91B1322BE28F1900493738 /* Window.swift */,
				7C91B0EF2BE28EAA00493738 /* Assets.xcassets */,
				7C91B0F22BE28EAA00493738 /* Preview Content */,
			);
			path = Mandelbrot;
			sourceTree = "<group>";
		};
		7C91B0F22BE28EAA00493738 /* Preview Content */ = {
			isa = PBXGroup;
			children = (
				7C91B0F32BE28EAA00493738 /* Preview Assets.xcassets */,
			);
			path = "Preview Content";
			sourceTree = "<group>";
		};
		7C91B0FC2BE28EAA00493738 /* MandelbrotTests */ = {
			isa = PBXGroup;
			children = (
				7C91B0FD2BE28EAA00493738 /* MandelbrotTests.swift */,
			);
			path = MandelbrotTests;
			sourceTree = "<group>";
		};
		7C91B1062BE28EAA00493738 /* MandelbrotUITests */ = {
			isa = PBXGroup;
			children = (
				7C91B1072BE28EAA00493738 /* MandelbrotUITests.swift */,
				7C91B1092BE28EAA00493738 /* MandelbrotUITestsLaunchTests.swift */,
			);
			path = MandelbrotUITests;
			sourceTree = "<group>";
		};
/* End PBXGroup section */

/* Begin PBXNativeTarget section */
		7C91B0E72BE28EA700493738 /* The Mandelbrot set */ = {
			isa = PBXNativeTarget;
			buildConfigurationList = 7C91B10D2BE28EAA00493738 /* Build configuration list for PBXNativeTarget "The Mandelbrot set" */;
			buildPhases = (
				7C91B0E42BE28EA700493738 /* Sources */,
				7C91B0E52BE28EA700493738 /* Frameworks */,
				7C91B0E62BE28EA700493738 /* Resources */,
			);
			buildRules = (
			);
			dependencies = (
			);
			name = "The Mandelbrot set";
			productName = Mandelbrot;
			productReference = 7C91B0E82BE28EA700493738 /* The Mandelbrot set.app */;
			productType = "com.apple.product-type.application";
		};
		7C91B0F82BE28EAA00493738 /* The Mandelbrot setTests */ = {
			isa = PBXNativeTarget;
			buildConfigurationList = 7C91B1102BE28EAA00493738 /* Build configuration list for PBXNativeTarget "The Mandelbrot setTests" */;
			buildPhases = (
				7C91B0F52BE28EAA00493738 /* Sources */,
				7C91B0F62BE28EAA00493738 /* Frameworks */,
				7C91B0F72BE28EAA00493738 /* Resources */,
			);
			buildRules = (
			);
			dependencies = (
				7C91B0FB2BE28EAA00493738 /* PBXTargetDependency */,
			);
			name = "The Mandelbrot setTests";
			productName = MandelbrotTests;
			productReference = 7C91B0F92BE28EAA00493738 /* The Mandelbrot setTests.xctest */;
			productType = "com.apple.product-type.bundle.unit-test";
		};
		7C91B1022BE28EAA00493738 /* The Mandelbrot setUITests */ = {
			isa = PBXNativeTarget;
			buildConfigurationList = 7C91B1132BE28EAA00493738 /* Build configuration list for PBXNativeTarget "The Mandelbrot setUITests" */;
			buildPhases = (
				7C91B0FF2BE28EAA00493738 /* Sources */,
				7C91B1002BE28EAA00493738 /* Frameworks */,
				7C91B1012BE28EAA00493738 /* Resources */,
			);
			buildRules = (
			);
			dependencies = (
				7C91B1052BE28EAA00493738 /* PBXTargetDependency */,
			);
			name = "The Mandelbrot setUITests";
			productName = MandelbrotUITests;
			productReference = 7C91B1032BE28EAA00493738 /* The Mandelbrot setUITests.xctest */;
			productType = "com.apple.product-type.bundle.ui-testing";
		};
/* End PBXNativeTarget section */

/* Begin PBXProject section */
		7C91B0E02BE28EA700493738 /* Project object */ = {
			isa = PBXProject;
			attributes = {
				BuildIndependentTargetsInParallel = 1;
				LastSwiftUpdateCheck = 1530;
				LastUpgradeCheck = 1530;
				TargetAttributes = {
					7C91B0E72BE28EA700493738 = {
						CreatedOnToolsVersion = 15.3;
					};
					7C91B0F82BE28EAA00493738 = {
						CreatedOnToolsVersion = 15.3;
						TestTargetID = 7C91B0E72BE28EA700493738;
					};
					7C91B1022BE28EAA00493738 = {
						CreatedOnToolsVersion = 15.3;
						TestTargetID = 7C91B0E72BE28EA700493738;
					};
				};
			};
			buildConfigurationList = 7C91B0E32BE28EA700493738 /* Build configuration list for PBXProject "The Mandelbrot set" */;
			compatibilityVersion = "Xcode 14.0";
			developmentRegion = en;
			hasScannedForEncodings = 0;
			knownRegions = (
				en,
				Base,
			);
			mainGroup = 7C91B0DF2BE28EA700493738;
			productRefGroup = 7C91B0E92BE28EA700493738 /* Products */;
			projectDirPath = "";
			projectRoot = "";
			targets = (
				7C91B0E72BE28EA700493738 /* The Mandelbrot set */,
				7C91B0F82BE28EAA00493738 /* The Mandelbrot setTests */,
				7C91B1022BE28EAA00493738 /* The Mandelbrot setUITests */,
			);
		};
/* End PBXProject section */

/* Begin PBXResourcesBuildPhase section */
		7C91B0E62BE28EA700493738 /* Resources */ = {
			isa = PBXResourcesBuildPhase;
			buildActionMask = 2147483647;
			files = (
				7C91B0F42BE28EAA00493738 /* Preview Assets.xcassets in Resources */,
				7C91B0F02BE28EAA00493738 /* Assets.xcassets in Resources */,
			);
			runOnlyForDeploymentPostprocessing = 0;
		};
		7C91B0F72BE28EAA00493738 /* Resources */ = {
			isa = PBXResourcesBuildPhase;
			buildActionMask = 2147483647;
			files = (
			);
			runOnlyForDeploymentPostprocessing = 0;
		};
		7C91B1012BE28EAA00493738 /* Resources */ = {
			isa = PBXResourcesBuildPhase;
			buildActionMask = 2147483647;
			files = (
			);
			runOnlyForDeploymentPostprocessing = 0;
		};
/* End PBXResourcesBuildPhase section */

/* Begin PBXSourcesBuildPhase section */
		7C91B0E42BE28EA700493738 /* Sources */ = {
			isa = PBXSourcesBuildPhase;
			buildActionMask = 2147483647;
			files = (
				7C91B1362BE28F1900493738 /* Shaders.metal in Sources */,
				7C8B31F62BF258D50061AB97 /* Action.swift in Sources */,
				7C91B1392BE28F1900493738 /* MetalView.swift in Sources */,
				7C91B1352BE28F1900493738 /* Mesh.swift in Sources */,
				7C8C15942BE6820F009C82FE /* Mesh.metal in Sources */,
				7C91B13B2BE28F1900493738 /* VertexDescriptor.swift in Sources */,
				7C9B64602BE2A91E00588AFF /* Mandelbrot.metal in Sources */,
				7C91B0EC2BE28EA700493738 /* MandelbrotApp.swift in Sources */,
				7C91B13C2BE28F1900493738 /* ContentView.swift in Sources */,
				7C91B1382BE28F1900493738 /* Renderer.swift in Sources */,
				7C91B1372BE28F1900493738 /* GPU.swift in Sources */,
				7C91B13A2BE28F1900493738 /* Window.swift in Sources */,
			);
			runOnlyForDeploymentPostprocessing = 0;
		};
		7C91B0F52BE28EAA00493738 /* Sources */ = {
			isa = PBXSourcesBuildPhase;
			buildActionMask = 2147483647;
			files = (
				7C91B0FE2BE28EAA00493738 /* MandelbrotTests.swift in Sources */,
			);
			runOnlyForDeploymentPostprocessing = 0;
		};
		7C91B0FF2BE28EAA00493738 /* Sources */ = {
			isa = PBXSourcesBuildPhase;
			buildActionMask = 2147483647;
			files = (
				7C91B10A2BE28EAA00493738 /* MandelbrotUITestsLaunchTests.swift in Sources */,
				7C91B1082BE28EAA00493738 /* MandelbrotUITests.swift in Sources */,
			);
			runOnlyForDeploymentPostprocessing = 0;
		};
/* End PBXSourcesBuildPhase section */

/* Begin PBXTargetDependency section */
		7C91B0FB2BE28EAA00493738 /* PBXTargetDependency */ = {
			isa = PBXTargetDependency;
			target = 7C91B0E72BE28EA700493738 /* The Mandelbrot set */;
			targetProxy = 7C91B0FA2BE28EAA00493738 /* PBXContainerItemProxy */;
		};
		7C91B1052BE28EAA00493738 /* PBXTargetDependency */ = {
			isa = PBXTargetDependency;
			target = 7C91B0E72BE28EA700493738 /* The Mandelbrot set */;
			targetProxy = 7C91B1042BE28EAA00493738 /* PBXContainerItemProxy */;
		};
/* End PBXTargetDependency section */

/* Begin XCBuildConfiguration section */
		7C91B10B2BE28EAA00493738 /* Debug */ = {
			isa = XCBuildConfiguration;
			buildSettings = {
				ALWAYS_SEARCH_USER_PATHS = NO;
				ASSETCATALOG_COMPILER_GENERATE_SWIFT_ASSET_SYMBOL_EXTENSIONS = YES;
				CLANG_ANALYZER_NONNULL = YES;
				CLANG_ANALYZER_NUMBER_OBJECT_CONVERSION = YES_AGGRESSIVE;
				CLANG_CXX_LANGUAGE_STANDARD = "gnu++20";
				CLANG_ENABLE_MODULES = YES;
				CLANG_ENABLE_OBJC_ARC = YES;
				CLANG_ENABLE_OBJC_WEAK = YES;
				CLANG_WARN_BLOCK_CAPTURE_AUTORELEASING = YES;
				CLANG_WARN_BOOL_CONVERSION = YES;
				CLANG_WARN_COMMA = YES;
				CLANG_WARN_CONSTANT_CONVERSION = YES;
				CLANG_WARN_DEPRECATED_OBJC_IMPLEMENTATIONS = YES;
				CLANG_WARN_DIRECT_OBJC_ISA_USAGE = YES_ERROR;
				CLANG_WARN_DOCUMENTATION_COMMENTS = YES;
				CLANG_WARN_EMPTY_BODY = YES;
				CLANG_WARN_ENUM_CONVERSION = YES;
				CLANG_WARN_INFINITE_RECURSION = YES;
				CLANG_WARN_INT_CONVERSION = YES;
				CLANG_WARN_NON_LITERAL_NULL_CONVERSION = YES;
				CLANG_WARN_OBJC_IMPLICIT_RETAIN_SELF = YES;
				CLANG_WARN_OBJC_LITERAL_CONVERSION = YES;
				CLANG_WARN_OBJC_ROOT_CLASS = YES_ERROR;
				CLANG_WARN_QUOTED_INCLUDE_IN_FRAMEWORK_HEADER = YES;
				CLANG_WARN_RANGE_LOOP_ANALYSIS = YES;
				CLANG_WARN_STRICT_PROTOTYPES = YES;
				CLANG_WARN_SUSPICIOUS_MOVE = YES;
				CLANG_WARN_UNGUARDED_AVAILABILITY = YES_AGGRESSIVE;
				CLANG_WARN_UNREACHABLE_CODE = YES;
				CLANG_WARN__DUPLICATE_METHOD_MATCH = YES;
				COPY_PHASE_STRIP = NO;
				DEBUG_INFORMATION_FORMAT = dwarf;
				ENABLE_STRICT_OBJC_MSGSEND = YES;
				ENABLE_TESTABILITY = YES;
				ENABLE_USER_SCRIPT_SANDBOXING = YES;
				GCC_C_LANGUAGE_STANDARD = gnu17;
				GCC_DYNAMIC_NO_PIC = NO;
				GCC_NO_COMMON_BLOCKS = YES;
				GCC_OPTIMIZATION_LEVEL = 0;
				GCC_PREPROCESSOR_DEFINITIONS = (
					"DEBUG=1",
					"$(inherited)",
				);
				GCC_WARN_64_TO_32_BIT_CONVERSION = YES;
				GCC_WARN_ABOUT_RETURN_TYPE = YES_ERROR;
				GCC_WARN_UNDECLARED_SELECTOR = YES;
				GCC_WARN_UNINITIALIZED_AUTOS = YES_AGGRESSIVE;
				GCC_WARN_UNUSED_FUNCTION = YES;
				GCC_WARN_UNUSED_VARIABLE = YES;
				LOCALIZATION_PREFERS_STRING_CATALOGS = YES;
				MTL_ENABLE_DEBUG_INFO = INCLUDE_SOURCE;
				MTL_FAST_MATH = YES;
				ONLY_ACTIVE_ARCH = YES;
				SWIFT_ACTIVE_COMPILATION_CONDITIONS = "DEBUG $(inherited)";
				SWIFT_OPTIMIZATION_LEVEL = "-Onone";
			};
			name = Debug;
		};
		7C91B10C2BE28EAA00493738 /* Release */ = {
			isa = XCBuildConfiguration;
			buildSettings = {
				ALWAYS_SEARCH_USER_PATHS = NO;
				ASSETCATALOG_COMPILER_GENERATE_SWIFT_ASSET_SYMBOL_EXTENSIONS = YES;
				CLANG_ANALYZER_NONNULL = YES;
				CLANG_ANALYZER_NUMBER_OBJECT_CONVERSION = YES_AGGRESSIVE;
				CLANG_CXX_LANGUAGE_STANDARD = "gnu++20";
				CLANG_ENABLE_MODULES = YES;
				CLANG_ENABLE_OBJC_ARC = YES;
				CLANG_ENABLE_OBJC_WEAK = YES;
				CLANG_WARN_BLOCK_CAPTURE_AUTORELEASING = YES;
				CLANG_WARN_BOOL_CONVERSION = YES;
				CLANG_WARN_COMMA = YES;
				CLANG_WARN_CONSTANT_CONVERSION = YES;
				CLANG_WARN_DEPRECATED_OBJC_IMPLEMENTATIONS = YES;
				CLANG_WARN_DIRECT_OBJC_ISA_USAGE = YES_ERROR;
				CLANG_WARN_DOCUMENTATION_COMMENTS = YES;
				CLANG_WARN_EMPTY_BODY = YES;
				CLANG_WARN_ENUM_CONVERSION = YES;
				CLANG_WARN_INFINITE_RECURSION = YES;
				CLANG_WARN_INT_CONVERSION = YES;
				CLANG_WARN_NON_LITERAL_NULL_CONVERSION = YES;
				CLANG_WARN_OBJC_IMPLICIT_RETAIN_SELF = YES;
				CLANG_WARN_OBJC_LITERAL_CONVERSION = YES;
				CLANG_WARN_OBJC_ROOT_CLASS = YES_ERROR;
				CLANG_WARN_QUOTED_INCLUDE_IN_FRAMEWORK_HEADER = YES;
				CLANG_WARN_RANGE_LOOP_ANALYSIS = YES;
				CLANG_WARN_STRICT_PROTOTYPES = YES;
				CLANG_WARN_SUSPICIOUS_MOVE = YES;
				CLANG_WARN_UNGUARDED_AVAILABILITY = YES_AGGRESSIVE;
				CLANG_WARN_UNREACHABLE_CODE = YES;
				CLANG_WARN__DUPLICATE_METHOD_MATCH = YES;
				COPY_PHASE_STRIP = NO;
				DEBUG_INFORMATION_FORMAT = "dwarf-with-dsym";
				ENABLE_NS_ASSERTIONS = NO;
				ENABLE_STRICT_OBJC_MSGSEND = YES;
				ENABLE_USER_SCRIPT_SANDBOXING = YES;
				GCC_C_LANGUAGE_STANDARD = gnu17;
				GCC_NO_COMMON_BLOCKS = YES;
				GCC_WARN_64_TO_32_BIT_CONVERSION = YES;
				GCC_WARN_ABOUT_RETURN_TYPE = YES_ERROR;
				GCC_WARN_UNDECLARED_SELECTOR = YES;
				GCC_WARN_UNINITIALIZED_AUTOS = YES_AGGRESSIVE;
				GCC_WARN_UNUSED_FUNCTION = YES;
				GCC_WARN_UNUSED_VARIABLE = YES;
				LOCALIZATION_PREFERS_STRING_CATALOGS = YES;
				MTL_ENABLE_DEBUG_INFO = NO;
				MTL_FAST_MATH = YES;
				SWIFT_COMPILATION_MODE = wholemodule;
			};
			name = Release;
		};
		7C91B10E2BE28EAA00493738 /* Debug */ = {
			isa = XCBuildConfiguration;
			buildSettings = {
				ASSETCATALOG_COMPILER_APPICON_NAME = AppIcon;
				ASSETCATALOG_COMPILER_GLOBAL_ACCENT_COLOR_NAME = AccentColor;
				CODE_SIGN_ENTITLEMENTS = Mandelbrot/Mandelbrot.entitlements;
				CODE_SIGN_STYLE = Automatic;
				CURRENT_PROJECT_VERSION = 1;
				DEVELOPMENT_ASSET_PATHS = "\"Mandelbrot/Preview Content\"";
				DEVELOPMENT_TEAM = S5ADM9438G;
				ENABLE_PREVIEWS = YES;
				GENERATE_INFOPLIST_FILE = YES;
				"INFOPLIST_KEY_UIApplicationSceneManifest_Generation[sdk=iphoneos*]" = YES;
				"INFOPLIST_KEY_UIApplicationSceneManifest_Generation[sdk=iphonesimulator*]" = YES;
				"INFOPLIST_KEY_UIApplicationSupportsIndirectInputEvents[sdk=iphoneos*]" = YES;
				"INFOPLIST_KEY_UIApplicationSupportsIndirectInputEvents[sdk=iphonesimulator*]" = YES;
				"INFOPLIST_KEY_UILaunchScreen_Generation[sdk=iphoneos*]" = YES;
				"INFOPLIST_KEY_UILaunchScreen_Generation[sdk=iphonesimulator*]" = YES;
				"INFOPLIST_KEY_UIStatusBarStyle[sdk=iphoneos*]" = UIStatusBarStyleDefault;
				"INFOPLIST_KEY_UIStatusBarStyle[sdk=iphonesimulator*]" = UIStatusBarStyleDefault;
				INFOPLIST_KEY_UISupportedInterfaceOrientations_iPad = "UIInterfaceOrientationPortrait UIInterfaceOrientationPortraitUpsideDown UIInterfaceOrientationLandscapeLeft UIInterfaceOrientationLandscapeRight";
				INFOPLIST_KEY_UISupportedInterfaceOrientations_iPhone = "UIInterfaceOrientationPortrait UIInterfaceOrientationLandscapeLeft UIInterfaceOrientationLandscapeRight";
				IPHONEOS_DEPLOYMENT_TARGET = 17.4;
				LD_RUNPATH_SEARCH_PATHS = "@executable_path/Frameworks";
				"LD_RUNPATH_SEARCH_PATHS[sdk=macosx*]" = "@executable_path/../Frameworks";
				MACOSX_DEPLOYMENT_TARGET = 14.4;
				MARKETING_VERSION = 1.0;
				PRODUCT_BUNDLE_IDENTIFIER = nabil.birgle.Mandelbrot;
				PRODUCT_NAME = "$(TARGET_NAME)";
				SDKROOT = auto;
				SUPPORTED_PLATFORMS = "iphoneos iphonesimulator macosx";
				SWIFT_EMIT_LOC_STRINGS = YES;
				SWIFT_VERSION = 5.0;
				TARGETED_DEVICE_FAMILY = "1,2";
			};
			name = Debug;
		};
		7C91B10F2BE28EAA00493738 /* Release */ = {
			isa = XCBuildConfiguration;
			buildSettings = {
				ASSETCATALOG_COMPILER_APPICON_NAME = AppIcon;
				ASSETCATALOG_COMPILER_GLOBAL_ACCENT_COLOR_NAME = AccentColor;
				CODE_SIGN_ENTITLEMENTS = Mandelbrot/Mandelbrot.entitlements;
				CODE_SIGN_STYLE = Automatic;
				CURRENT_PROJECT_VERSION = 1;
				DEVELOPMENT_ASSET_PATHS = "\"Mandelbrot/Preview Content\"";
				DEVELOPMENT_TEAM = S5ADM9438G;
				ENABLE_PREVIEWS = YES;
				GENERATE_INFOPLIST_FILE = YES;
				"INFOPLIST_KEY_UIApplicationSceneManifest_Generation[sdk=iphoneos*]" = YES;
				"INFOPLIST_KEY_UIApplicationSceneManifest_Generation[sdk=iphonesimulator*]" = YES;
				"INFOPLIST_KEY_UIApplicationSupportsIndirectInputEvents[sdk=iphoneos*]" = YES;
				"INFOPLIST_KEY_UIApplicationSupportsIndirectInputEvents[sdk=iphonesimulator*]" = YES;
				"INFOPLIST_KEY_UILaunchScreen_Generation[sdk=iphoneos*]" = YES;
				"INFOPLIST_KEY_UILaunchScreen_Generation[sdk=iphonesimulator*]" = YES;
				"INFOPLIST_KEY_UIStatusBarStyle[sdk=iphoneos*]" = UIStatusBarStyleDefault;
				"INFOPLIST_KEY_UIStatusBarStyle[sdk=iphonesimulator*]" = UIStatusBarStyleDefault;
				INFOPLIST_KEY_UISupportedInterfaceOrientations_iPad = "UIInterfaceOrientationPortrait UIInterfaceOrientationPortraitUpsideDown UIInterfaceOrientationLandscapeLeft UIInterfaceOrientationLandscapeRight";
				INFOPLIST_KEY_UISupportedInterfaceOrientations_iPhone = "UIInterfaceOrientationPortrait UIInterfaceOrientationLandscapeLeft UIInterfaceOrientationLandscapeRight";
				IPHONEOS_DEPLOYMENT_TARGET = 17.4;
				LD_RUNPATH_SEARCH_PATHS = "@executable_path/Frameworks";
				"LD_RUNPATH_SEARCH_PATHS[sdk=macosx*]" = "@executable_path/../Frameworks";
				MACOSX_DEPLOYMENT_TARGET = 14.4;
				MARKETING_VERSION = 1.0;
				PRODUCT_BUNDLE_IDENTIFIER = nabil.birgle.Mandelbrot;
				PRODUCT_NAME = "$(TARGET_NAME)";
				SDKROOT = auto;
				SUPPORTED_PLATFORMS = "iphoneos iphonesimulator macosx";
				SWIFT_EMIT_LOC_STRINGS = YES;
				SWIFT_VERSION = 5.0;
				TARGETED_DEVICE_FAMILY = "1,2";
			};
			name = Release;
		};
		7C91B1112BE28EAA00493738 /* Debug */ = {
			isa = XCBuildConfiguration;
			buildSettings = {
				ALWAYS_EMBED_SWIFT_STANDARD_LIBRARIES = YES;
				BUNDLE_LOADER = "$(TEST_HOST)";
				CODE_SIGN_STYLE = Automatic;
				CURRENT_PROJECT_VERSION = 1;
				DEVELOPMENT_TEAM = S5ADM9438G;
				GENERATE_INFOPLIST_FILE = YES;
				IPHONEOS_DEPLOYMENT_TARGET = 17.4;
				MACOSX_DEPLOYMENT_TARGET = 14.4;
				MARKETING_VERSION = 1.0;
				PRODUCT_BUNDLE_IDENTIFIER = nabil.birgle.MandelbrotTests;
				PRODUCT_NAME = "$(TARGET_NAME)";
				SDKROOT = auto;
				SUPPORTED_PLATFORMS = "iphoneos iphonesimulator macosx";
				SWIFT_EMIT_LOC_STRINGS = NO;
				SWIFT_VERSION = 5.0;
				TARGETED_DEVICE_FAMILY = "1,2";
				TEST_HOST = "$(BUILT_PRODUCTS_DIR)/The Mandelbrot set.app/$(BUNDLE_EXECUTABLE_FOLDER_PATH)/The Mandelbrot set";
			};
			name = Debug;
		};
		7C91B1122BE28EAA00493738 /* Release */ = {
			isa = XCBuildConfiguration;
			buildSettings = {
				ALWAYS_EMBED_SWIFT_STANDARD_LIBRARIES = YES;
				BUNDLE_LOADER = "$(TEST_HOST)";
				CODE_SIGN_STYLE = Automatic;
				CURRENT_PROJECT_VERSION = 1;
				DEVELOPMENT_TEAM = S5ADM9438G;
				GENERATE_INFOPLIST_FILE = YES;
				IPHONEOS_DEPLOYMENT_TARGET = 17.4;
				MACOSX_DEPLOYMENT_TARGET = 14.4;
				MARKETING_VERSION = 1.0;
				PRODUCT_BUNDLE_IDENTIFIER = nabil.birgle.MandelbrotTests;
				PRODUCT_NAME = "$(TARGET_NAME)";
				SDKROOT = auto;
				SUPPORTED_PLATFORMS = "iphoneos iphonesimulator macosx";
				SWIFT_EMIT_LOC_STRINGS = NO;
				SWIFT_VERSION = 5.0;
				TARGETED_DEVICE_FAMILY = "1,2";
				TEST_HOST = "$(BUILT_PRODUCTS_DIR)/The Mandelbrot set.app/$(BUNDLE_EXECUTABLE_FOLDER_PATH)/The Mandelbrot set";
			};
			name = Release;
		};
		7C91B1142BE28EAA00493738 /* Debug */ = {
			isa = XCBuildConfiguration;
			buildSettings = {
				ALWAYS_EMBED_SWIFT_STANDARD_LIBRARIES = YES;
				CODE_SIGN_STYLE = Automatic;
				CURRENT_PROJECT_VERSION = 1;
				DEVELOPMENT_TEAM = S5ADM9438G;
				GENERATE_INFOPLIST_FILE = YES;
				IPHONEOS_DEPLOYMENT_TARGET = 17.4;
				MACOSX_DEPLOYMENT_TARGET = 14.4;
				MARKETING_VERSION = 1.0;
				PRODUCT_BUNDLE_IDENTIFIER = nabil.birgle.MandelbrotUITests;
				PRODUCT_NAME = "$(TARGET_NAME)";
				SDKROOT = auto;
				SUPPORTED_PLATFORMS = "iphoneos iphonesimulator macosx";
				SWIFT_EMIT_LOC_STRINGS = NO;
				SWIFT_VERSION = 5.0;
				TARGETED_DEVICE_FAMILY = "1,2";
				TEST_TARGET_NAME = Mandelbrot;
			};
			name = Debug;
		};
		7C91B1152BE28EAA00493738 /* Release */ = {
			isa = XCBuildConfiguration;
			buildSettings = {
				ALWAYS_EMBED_SWIFT_STANDARD_LIBRARIES = YES;
				CODE_SIGN_STYLE = Automatic;
				CURRENT_PROJECT_VERSION = 1;
				DEVELOPMENT_TEAM = S5ADM9438G;
				GENERATE_INFOPLIST_FILE = YES;
				IPHONEOS_DEPLOYMENT_TARGET = 17.4;
				MACOSX_DEPLOYMENT_TARGET = 14.4;
				MARKETING_VERSION = 1.0;
				PRODUCT_BUNDLE_IDENTIFIER = nabil.birgle.MandelbrotUITests;
				PRODUCT_NAME = "$(TARGET_NAME)";
				SDKROOT = auto;
				SUPPORTED_PLATFORMS = "iphoneos iphonesimulator macosx";
				SWIFT_EMIT_LOC_STRINGS = NO;
				SWIFT_VERSION = 5.0;
				TARGETED_DEVICE_FAMILY = "1,2";
				TEST_TARGET_NAME = Mandelbrot;
			};
			name = Release;
		};
/* End XCBuildConfiguration section */

/* Begin XCConfigurationList section */
		7C91B0E32BE28EA700493738 /* Build configuration list for PBXProject "The Mandelbrot set" */ = {
			isa = XCConfigurationList;
			buildConfigurations = (
				7C91B10B2BE28EAA00493738 /* Debug */,
				7C91B10C2BE28EAA00493738 /* Release */,
			);
			defaultConfigurationIsVisible = 0;
			defaultConfigurationName = Release;
		};
		7C91B10D2BE28EAA00493738 /* Build configuration list for PBXNativeTarget "The Mandelbrot set" */ = {
			isa = XCConfigurationList;
			buildConfigurations = (
				7C91B10E2BE28EAA00493738 /* Debug */,
				7C91B10F2BE28EAA00493738 /* Release */,
			);
			defaultConfigurationIsVisible = 0;
			defaultConfigurationName = Release;
		};
		7C91B1102BE28EAA00493738 /* Build configuration list for PBXNativeTarget "The Mandelbrot setTests" */ = {
			isa = XCConfigurationList;
			buildConfigurations = (
				7C91B1112BE28EAA00493738 /* Debug */,
				7C91B1122BE28EAA00493738 /* Release */,
			);
			defaultConfigurationIsVisible = 0;
			defaultConfigurationName = Release;
		};
		7C91B1132BE28EAA00493738 /* Build configuration list for PBXNativeTarget "The Mandelbrot setUITests" */ = {
			isa = XCConfigurationList;
			buildConfigurations = (
				7C91B1142BE28EAA00493738 /* Debug */,
				7C91B1152BE28EAA00493738 /* Release */,
			);
			defaultConfigurationIsVisible = 0;
			defaultConfigurationName = Release;
		};
/* End XCConfigurationList section */
	};
	rootObject = 7C91B0E02BE28EA700493738 /* Project object */;
}
